
Microsoft Visual Studio Solution File, Format Version 12.00
# Visual Studio Version 17
VisualStudioVersion = 17.0.32112.339
MinimumVisualStudioVersion = 10.0.40219.1
Project("{FAE04EC0-301F-11D3-BF4B-00C04F79EFBC}") = "BulkyBookWeb", "BulkyBookWeb\BulkyBookWeb.csproj", "{D20644EA-8036-4FDD-BED5-04B33739FEBD}"
EndProject
Global
	GlobalSection(SolutionConfigurationPlatforms) = preSolution
		Debug|Any CPU = Debug|Any CPU
		Release|Any CPU = Release|Any CPU
	EndGlobalSection
	GlobalSection(ProjectConfigurationPlatforms) = postSolution
		{D20644EA-8036-4FDD-BED5-04B33739FEBD}.Debug|Any CPU.ActiveCfg = Debug|Any CPU
		{D20644EA-8036-4FDD-BED5-04B33739FEBD}.Debug|Any CPU.Build.0 = Debug|Any CPU
		{D20644EA-8036-4FDD-BED5-04B33739FEBD}.Release|Any CPU.ActiveCfg = Release|Any CPU
		{D20644EA-8036-4FDD-BED5-04B33739FEBD}.Release|Any CPU.Build.0 = Release|Any CPU
	EndGlobalSection
	GlobalSection(SolutionProperties) = preSolution
		HideSolutionNode = FALSE
	EndGlobalSection
	GlobalSection(ExtensibilityGlobals) = postSolution
		SolutionGuid = {7A8F43CE-2591-408A-AFC3-90D1A86E281D}
	EndGlobalSection
EndGlobal
